// !$*UTF8*$!
{
	archiveVersion = 1;
	classes = {
	};
	objectVersion = 46;
	objects = {

/* Begin PBXBuildFile section */
		1016ECE41F5F1DC200C6015C /* AppDelegate.swift in Sources */ = {isa = PBXBuildFile; fileRef = 1016ECE31F5F1DC200C6015C /* AppDelegate.swift */; };
		1016ECE61F5F1DC200C6015C /* FaceViewController.swift in Sources */ = {isa = PBXBuildFile; fileRef = 1016ECE51F5F1DC200C6015C /* FaceViewController.swift */; };
		1016ECE91F5F1DC200C6015C /* Main.storyboard in Resources */ = {isa = PBXBuildFile; fileRef = 1016ECE71F5F1DC200C6015C /* Main.storyboard */; };
		1016ECEB1F5F1DC200C6015C /* Assets.xcassets in Resources */ = {isa = PBXBuildFile; fileRef = 1016ECEA1F5F1DC200C6015C /* Assets.xcassets */; };
		1016ECEE1F5F1DC200C6015C /* LaunchScreen.storyboard in Resources */ = {isa = PBXBuildFile; fileRef = 1016ECEC1F5F1DC200C6015C /* LaunchScreen.storyboard */; };
		1016ECF71F5F1E1E00C6015C /* FaceView.swift in Sources */ = {isa = PBXBuildFile; fileRef = 1016ECF61F5F1E1E00C6015C /* FaceView.swift */; };
		101B9C2B1F65D5580005E4A1 /* FacialExpression.swift in Sources */ = {isa = PBXBuildFile; fileRef = 101B9C2A1F65D5580005E4A1 /* FacialExpression.swift */; };
		101BEED11F78350C00E2E00B /* EmotionsViewController.swift in Sources */ = {isa = PBXBuildFile; fileRef = 101BEED01F78350C00E2E00B /* EmotionsViewController.swift */; };
/* End PBXBuildFile section */

/* Begin PBXFileReference section */
		1016ECE01F5F1DC200C6015C /* FaceIt.app */ = {isa = PBXFileReference; explicitFileType = wrapper.application; includeInIndex = 0; path = FaceIt.app; sourceTree = BUILT_PRODUCTS_DIR; };
		1016ECE31F5F1DC200C6015C /* AppDelegate.swift */ = {isa = PBXFileReference; lastKnownFileType = sourcecode.swift; path = AppDelegate.swift; sourceTree = "<group>"; };
		1016ECE51F5F1DC200C6015C /* FaceViewController.swift */ = {isa = PBXFileReference; lastKnownFileType = sourcecode.swift; path = FaceViewController.swift; sourceTree = "<group>"; };
		1016ECE81F5F1DC200C6015C /* Base */ = {isa = PBXFileReference; lastKnownFileType = file.storyboard; name = Base; path = Base.lproj/Main.storyboard; sourceTree = "<group>"; };
		1016ECEA1F5F1DC200C6015C /* Assets.xcassets */ = {isa = PBXFileReference; lastKnownFileType = folder.assetcatalog; path = Assets.xcassets; sourceTree = "<group>"; };
		1016ECED1F5F1DC200C6015C /* Base */ = {isa = PBXFileReference; lastKnownFileType = file.storyboard; name = Base; path = Base.lproj/LaunchScreen.storyboard; sourceTree = "<group>"; };
		1016ECEF1F5F1DC200C6015C /* Info.plist */ = {isa = PBXFileReference; lastKnownFileType = text.plist.xml; path = Info.plist; sourceTree = "<group>"; };
		1016ECF61F5F1E1E00C6015C /* FaceView.swift */ = {isa = PBXFileReference; fileEncoding = 4; lastKnownFileType = sourcecode.swift; path = FaceView.swift; sourceTree = "<group>"; };
		101B9C2A1F65D5580005E4A1 /* FacialExpression.swift */ = {isa = PBXFileReference; fileEncoding = 4; lastKnownFileType = sourcecode.swift; path = FacialExpression.swift; sourceTree = "<group>"; };
		101BEED01F78350C00E2E00B /* EmotionsViewController.swift */ = {isa = PBXFileReference; fileEncoding = 4; lastKnownFileType = sourcecode.swift; path = EmotionsViewController.swift; sourceTree = "<group>"; };
/* End PBXFileReference section */

/* Begin PBXFrameworksBuildPhase section */
		1016ECDD1F5F1DC200C6015C /* Frameworks */ = {
			isa = PBXFrameworksBuildPhase;
			buildActionMask = 2147483647;
			files = (
			);
			runOnlyForDeploymentPostprocessing = 0;
		};
/* End PBXFrameworksBuildPhase section */

/* Begin PBXGroup section */
		1016ECD71F5F1DC200C6015C = {
			isa = PBXGroup;
			children = (
				1016ECE21F5F1DC200C6015C /* FaceIt */,
				1016ECE11F5F1DC200C6015C /* Products */,
			);
			sourceTree = "<group>";
		};
		1016ECE11F5F1DC200C6015C /* Products */ = {
			isa = PBXGroup;
			children = (
				1016ECE01F5F1DC200C6015C /* FaceIt.app */,
			);
			name = Products;
			sourceTree = "<group>";
		};
		1016ECE21F5F1DC200C6015C /* FaceIt */ = {
			isa = PBXGroup;
			children = (
				101BEED01F78350C00E2E00B /* EmotionsViewController.swift */,
				1016ECE51F5F1DC200C6015C /* FaceViewController.swift */,
				1016ECF61F5F1E1E00C6015C /* FaceView.swift */,
				101B9C2A1F65D5580005E4A1 /* FacialExpression.swift */,
				1016ECE71F5F1DC200C6015C /* Main.storyboard */,
				1016ECF51F5F1DEA00C6015C /* Supporting Files */,
			);
			path = FaceIt;
			sourceTree = "<group>";
		};
		1016ECF51F5F1DEA00C6015C /* Supporting Files */ = {
			isa = PBXGroup;
			children = (
				1016ECE31F5F1DC200C6015C /* AppDelegate.swift */,
				1016ECEA1F5F1DC200C6015C /* Assets.xcassets */,
				1016ECEC1F5F1DC200C6015C /* LaunchScreen.storyboard */,
				1016ECEF1F5F1DC200C6015C /* Info.plist */,
			);
			name = "Supporting Files";
			sourceTree = "<group>";
		};
/* End PBXGroup section */

/* Begin PBXNativeTarget section */
		1016ECDF1F5F1DC200C6015C /* FaceIt */ = {
			isa = PBXNativeTarget;
			buildConfigurationList = 1016ECF21F5F1DC200C6015C /* Build configuration list for PBXNativeTarget "FaceIt" */;
			buildPhases = (
				1016ECDC1F5F1DC200C6015C /* Sources */,
				1016ECDD1F5F1DC200C6015C /* Frameworks */,
				1016ECDE1F5F1DC200C6015C /* Resources */,
			);
			buildRules = (
			);
			dependencies = (
			);
			name = FaceIt;
			productName = FaceIt;
			productReference = 1016ECE01F5F1DC200C6015C /* FaceIt.app */;
			productType = "com.apple.product-type.application";
		};
/* End PBXNativeTarget section */

/* Begin PBXProject section */
		1016ECD81F5F1DC200C6015C /* Project object */ = {
			isa = PBXProject;
			attributes = {
				LastSwiftUpdateCheck = 0830;
				LastUpgradeCheck = 0830;
				ORGANIZATIONNAME = "Ömer Yetik";
				TargetAttributes = {
					1016ECDF1F5F1DC200C6015C = {
						CreatedOnToolsVersion = 8.3.3;
						DevelopmentTeam = P658HNJ7QX;
						ProvisioningStyle = Automatic;
					};
				};
			};
			buildConfigurationList = 1016ECDB1F5F1DC200C6015C /* Build configuration list for PBXProject "FaceIt" */;
			compatibilityVersion = "Xcode 3.2";
			developmentRegion = English;
			hasScannedForEncodings = 0;
			knownRegions = (
				en,
				Base,
			);
			mainGroup = 1016ECD71F5F1DC200C6015C;
			productRefGroup = 1016ECE11F5F1DC200C6015C /* Products */;
			projectDirPath = "";
			projectRoot = "";
			targets = (
				1016ECDF1F5F1DC200C6015C /* FaceIt */,
			);
		};
/* End PBXProject section */

/* Begin PBXResourcesBuildPhase section */
		1016ECDE1F5F1DC200C6015C /* Resources */ = {
			isa = PBXResourcesBuildPhase;
			buildActionMask = 2147483647;
			files = (
				1016ECEE1F5F1DC200C6015C /* LaunchScreen.storyboard in Resources */,
				1016ECEB1F5F1DC200C6015C /* Assets.xcassets in Resources */,
				1016ECE91F5F1DC200C6015C /* Main.storyboard in Resources */,
			);
			runOnlyForDeploymentPostprocessing = 0;
		};
/* End PBXResourcesBuildPhase section */

/* Begin PBXSourcesBuildPhase section */
		1016ECDC1F5F1DC200C6015C /* Sources */ = {
			isa = PBXSourcesBuildPhase;
			buildActionMask = 2147483647;
			files = (
				1016ECE61F5F1DC200C6015C /* FaceViewController.swift in Sources */,
				101B9C2B1F65D5580005E4A1 /* FacialExpression.swift in Sources */,
				101BEED11F78350C00E2E00B /* EmotionsViewController.swift in Sources */,
				1016ECE41F5F1DC200C6015C /* AppDelegate.swift in Sources */,
				1016ECF71F5F1E1E00C6015C /* FaceView.swift in Sources */,
			);
			runOnlyForDeploymentPostprocessing = 0;
		};
/* End PBXSourcesBuildPhase section */

/* Begin PBXVariantGroup section */
		1016ECE71F5F1DC200C6015C /* Main.storyboard */ = {
			isa = PBXVariantGroup;
			children = (
				1016ECE81F5F1DC200C6015C /* Base */,
			);
			name = Main.storyboard;
			sourceTree = "<group>";
		};
		1016ECEC1F5F1DC200C6015C /* LaunchScreen.storyboard */ = {
			isa = PBXVariantGroup;
			children = (
				1016ECED1F5F1DC200C6015C /* Base */,
			);
			name = LaunchScreen.storyboard;
			sourceTree = "<group>";
		};
/* End PBXVariantGroup section */

/* Begin XCBuildConfiguration section */
		1016ECF01F5F1DC200C6015C /* Debug */ = {
			isa = XCBuildConfiguration;
			buildSettings = {
				ALWAYS_SEARCH_USER_PATHS = NO;
				CLANG_ANALYZER_NONNULL = YES;
				CLANG_ANALYZER_NUMBER_OBJECT_CONVERSION = YES_AGGRESSIVE;
				CLANG_CXX_LANGUAGE_STANDARD = "gnu++0x";
				CLANG_CXX_LIBRARY = "libc++";
				CLANG_ENABLE_MODULES = YES;
				CLANG_ENABLE_OBJC_ARC = YES;
				CLANG_WARN_BOOL_CONVERSION = YES;
				CLANG_WARN_CONSTANT_CONVERSION = YES;
				CLANG_WARN_DIRECT_OBJC_ISA_USAGE = YES_ERROR;
				CLANG_WARN_DOCUMENTATION_COMMENTS = YES;
				CLANG_WARN_EMPTY_BODY = YES;
				CLANG_WARN_ENUM_CONVERSION = YES;
				CLANG_WARN_INFINITE_RECURSION = YES;
				CLANG_WARN_INT_CONVERSION = YES;
				CLANG_WARN_OBJC_ROOT_CLASS = YES_ERROR;
				CLANG_WARN_SUSPICIOUS_MOVE = YES;
				CLANG_WARN_UNREACHABLE_CODE = YES;
				CLANG_WARN__DUPLICATE_METHOD_MATCH = YES;
				"CODE_SIGN_IDENTITY[sdk=iphoneos*]" = "iPhone Developer";
				COPY_PHASE_STRIP = NO;
				DEBUG_INFORMATION_FORMAT = dwarf;
				ENABLE_STRICT_OBJC_MSGSEND = YES;
				ENABLE_TESTABILITY = YES;
				GCC_C_LANGUAGE_STANDARD = gnu99;
				GCC_DYNAMIC_NO_PIC = NO;
				GCC_NO_COMMON_BLOCKS = YES;
				GCC_OPTIMIZATION_LEVEL = 0;
				GCC_PREPROCESSOR_DEFINITIONS = (
					"DEBUG=1",
					"$(inherited)",
				);
				GCC_WARN_64_TO_32_BIT_CONVERSION = YES;
				GCC_WARN_ABOUT_RETURN_TYPE = YES_ERROR;
				GCC_WARN_UNDECLARED_SELECTOR = YES;
				GCC_WARN_UNINITIALIZED_AUTOS = YES_AGGRESSIVE;
				GCC_WARN_UNUSED_FUNCTION = YES;
				GCC_WARN_UNUSED_VARIABLE = YES;
				IPHONEOS_DEPLOYMENT_TARGET = 10.3;
				MTL_ENABLE_DEBUG_INFO = YES;
				ONLY_ACTIVE_ARCH = YES;
				SDKROOT = iphoneos;
				SWIFT_ACTIVE_COMPILATION_CONDITIONS = DEBUG;
				SWIFT_OPTIMIZATION_LEVEL = "-Onone";
				TARGETED_DEVICE_FAMILY = "1,2";
			};
			name = Debug;
		};
		1016ECF11F5F1DC200C6015C /* Release */ = {
			isa = XCBuildConfiguration;
			buildSettings = {
				ALWAYS_SEARCH_USER_PATHS = NO;
				CLANG_ANALYZER_NONNULL = YES;
				CLANG_ANALYZER_NUMBER_OBJECT_CONVERSION = YES_AGGRESSIVE;
				CLANG_CXX_LANGUAGE_STANDARD = "gnu++0x";
				CLANG_CXX_LIBRARY = "libc++";
				CLANG_ENABLE_MODULES = YES;
				CLANG_ENABLE_OBJC_ARC = YES;
				CLANG_WARN_BOOL_CONVERSION = YES;
				CLANG_WARN_CONSTANT_CONVERSION = YES;
				CLANG_WARN_DIRECT_OBJC_ISA_USAGE = YES_ERROR;
				CLANG_WARN_DOCUMENTATION_COMMENTS = YES;
				CLANG_WARN_EMPTY_BODY = YES;
				CLANG_WARN_ENUM_CONVERSION = YES;
				CLANG_WARN_INFINITE_RECURSION = YES;
				CLANG_WARN_INT_CONVERSION = YES;
				CLANG_WARN_OBJC_ROOT_CLASS = YES_ERROR;
				CLANG_WARN_SUSPICIOUS_MOVE = YES;
				CLANG_WARN_UNREACHABLE_CODE = YES;
				CLANG_WARN__DUPLICATE_METHOD_MATCH = YES;
				"CODE_SIGN_IDENTITY[sdk=iphoneos*]" = "iPhone Developer";
				COPY_PHASE_STRIP = NO;
				DEBUG_INFORMATION_FORMAT = "dwarf-with-dsym";
				ENABLE_NS_ASSERTIONS = NO;
				ENABLE_STRICT_OBJC_MSGSEND = YES;
				GCC_C_LANGUAGE_STANDARD = gnu99;
				GCC_NO_COMMON_BLOCKS = YES;
				GCC_WARN_64_TO_32_BIT_CONVERSION = YES;
				GCC_WARN_ABOUT_RETURN_TYPE = YES_ERROR;
				GCC_WARN_UNDECLARED_SELECTOR = YES;
				GCC_WARN_UNINITIALIZED_AUTOS = YES_AGGRESSIVE;
				GCC_WARN_UNUSED_FUNCTION = YES;
				GCC_WARN_UNUSED_VARIABLE = YES;
				IPHONEOS_DEPLOYMENT_TARGET = 10.3;
				MTL_ENABLE_DEBUG_INFO = NO;
				SDKROOT = iphoneos;
				SWIFT_OPTIMIZATION_LEVEL = "-Owholemodule";
				TARGETED_DEVICE_FAMILY = "1,2";
				VALIDATE_PRODUCT = YES;
			};
			name = Release;
		};
		1016ECF31F5F1DC200C6015C /* Debug */ = {
			isa = XCBuildConfiguration;
			buildSettings = {
				ASSETCATALOG_COMPILER_APPICON_NAME = AppIcon;
				DEVELOPMENT_TEAM = P658HNJ7QX;
				INFOPLIST_FILE = FaceIt/Info.plist;
				LD_RUNPATH_SEARCH_PATHS = "$(inherited) @executable_path/Frameworks";
				PRODUCT_BUNDLE_IDENTIFIER = edu.stanford.cs193p.OmerYetik.FaceIt;
				PRODUCT_NAME = "$(TARGET_NAME)";
				SWIFT_VERSION = 3.0;
			};
			name = Debug;
		};
		1016ECF41F5F1DC200C6015C /* Release */ = {
			isa = XCBuildConfiguration;
			buildSettings = {
				ASSETCATALOG_COMPILER_APPICON_NAME = AppIcon;
				DEVELOPMENT_TEAM = P658HNJ7QX;
				INFOPLIST_FILE = FaceIt/Info.plist;
				LD_RUNPATH_SEARCH_PATHS = "$(inherited) @executable_path/Frameworks";
				PRODUCT_BUNDLE_IDENTIFIER = edu.stanford.cs193p.OmerYetik.FaceIt;
				PRODUCT_NAME = "$(TARGET_NAME)";
				SWIFT_VERSION = 3.0;
			};
			name = Release;
		};
/* End XCBuildConfiguration section */

/* Begin XCConfigurationList section */
		1016ECDB1F5F1DC200C6015C /* Build configuration list for PBXProject "FaceIt" */ = {
			isa = XCConfigurationList;
			buildConfigurations = (
				1016ECF01F5F1DC200C6015C /* Debug */,
				1016ECF11F5F1DC200C6015C /* Release */,
			);
			defaultConfigurationIsVisible = 0;
			defaultConfigurationName = Release;
		};
		1016ECF21F5F1DC200C6015C /* Build configuration list for PBXNativeTarget "FaceIt" */ = {
			isa = XCConfigurationList;
			buildConfigurations = (
				1016ECF31F5F1DC200C6015C /* Debug */,
				1016ECF41F5F1DC200C6015C /* Release */,
			);
			defaultConfigurationIsVisible = 0;
			defaultConfigurationName = Release;
		};
/* End XCConfigurationList section */
	};
	rootObject = 1016ECD81F5F1DC200C6015C /* Project object */;
}
